
Microsoft Visual Studio Solution File, Format Version 12.00
# Visual Studio Version 17
VisualStudioVersion = 17.7.34221.43
MinimumVisualStudioVersion = 10.0.40219.1
Project("{FAE04EC0-301F-11D3-BF4B-00C04F79EFBC}") = "Inventory", "Inventory.csproj", "{2002945A-7CE2-441A-97CD-0434E5D850CA}"
EndProject
Global
	GlobalSection(SolutionConfigurationPlatforms) = preSolution
		Debug|Any CPU = Debug|Any CPU
		Release|Any CPU = Release|Any CPU
	EndGlobalSection
	GlobalSection(ProjectConfigurationPlatforms) = postSolution
		{2002945A-7CE2-441A-97CD-0434E5D850CA}.Debug|Any CPU.ActiveCfg = Debug|Any CPU
		{2002945A-7CE2-441A-97CD-0434E5D850CA}.Debug|Any CPU.Build.0 = Debug|Any CPU
		{2002945A-7CE2-441A-97CD-0434E5D850CA}.Release|Any CPU.ActiveCfg = Release|Any CPU
		{2002945A-7CE2-441A-97CD-0434E5D850CA}.Release|Any CPU.Build.0 = Release|Any CPU
	EndGlobalSection
	GlobalSection(SolutionProperties) = preSolution
		HideSolutionNode = FALSE
	EndGlobalSection
	GlobalSection(ExtensibilityGlobals) = postSolution
		SolutionGuid = {D3FEAB1E-7C79-40A7-ACC8-BF4F024ACA62}
	EndGlobalSection
EndGlobal
